// !$*UTF8*$!
{
	archiveVersion = 1;
	classes = {
	};
	objectVersion = 46;
	objects = {

/* Begin PBXBuildFile section */
		C99D59561DC2515F00485F54 /* CardGameController.swift in Sources */ = {isa = PBXBuildFile; fileRef = C99D59551DC2515F00485F54 /* CardGameController.swift */; };
		C9B330CD1DBFAD5D00273D61 /* AppDelegate.swift in Sources */ = {isa = PBXBuildFile; fileRef = C9B330CC1DBFAD5D00273D61 /* AppDelegate.swift */; };
		C9B330D21DBFAD5D00273D61 /* Main.storyboard in Resources */ = {isa = PBXBuildFile; fileRef = C9B330D01DBFAD5D00273D61 /* Main.storyboard */; };
		C9B330D41DBFAD5D00273D61 /* Assets.xcassets in Resources */ = {isa = PBXBuildFile; fileRef = C9B330D31DBFAD5D00273D61 /* Assets.xcassets */; };
		C9B330D71DBFAD5D00273D61 /* LaunchScreen.storyboard in Resources */ = {isa = PBXBuildFile; fileRef = C9B330D51DBFAD5D00273D61 /* LaunchScreen.storyboard */; };
		C9B330DF1DBFAE3C00273D61 /* Card.swift in Sources */ = {isa = PBXBuildFile; fileRef = C9B330DE1DBFAE3C00273D61 /* Card.swift */; };
		C9B330E11DBFAE7100273D61 /* PlayingCard.swift in Sources */ = {isa = PBXBuildFile; fileRef = C9B330E01DBFAE7100273D61 /* PlayingCard.swift */; };
		C9DAC7C11DC789AF0080CCF6 /* PlayingCardDeck.swift in Sources */ = {isa = PBXBuildFile; fileRef = C9DAC7C01DC789AF0080CCF6 /* PlayingCardDeck.swift */; };
		C9DAC7C31DC78AF20080CCF6 /* Deck.swift in Sources */ = {isa = PBXBuildFile; fileRef = C9DAC7C21DC78AF20080CCF6 /* Deck.swift */; };
/* End PBXBuildFile section */

/* Begin PBXFileReference section */
		C99D59551DC2515F00485F54 /* CardGameController.swift */ = {isa = PBXFileReference; fileEncoding = 4; lastKnownFileType = sourcecode.swift; name = CardGameController.swift; path = Controller/CardGameController.swift; sourceTree = "<group>"; };
		C9B330C91DBFAD5D00273D61 /* CardGame.app */ = {isa = PBXFileReference; explicitFileType = wrapper.application; includeInIndex = 0; path = CardGame.app; sourceTree = BUILT_PRODUCTS_DIR; };
		C9B330CC1DBFAD5D00273D61 /* AppDelegate.swift */ = {isa = PBXFileReference; lastKnownFileType = sourcecode.swift; path = AppDelegate.swift; sourceTree = "<group>"; };
		C9B330D11DBFAD5D00273D61 /* Base */ = {isa = PBXFileReference; lastKnownFileType = file.storyboard; name = Base; path = Base.lproj/Main.storyboard; sourceTree = "<group>"; };
		C9B330D31DBFAD5D00273D61 /* Assets.xcassets */ = {isa = PBXFileReference; lastKnownFileType = folder.assetcatalog; path = Assets.xcassets; sourceTree = "<group>"; };
		C9B330D61DBFAD5D00273D61 /* Base */ = {isa = PBXFileReference; lastKnownFileType = file.storyboard; name = Base; path = Base.lproj/LaunchScreen.storyboard; sourceTree = "<group>"; };
		C9B330D81DBFAD5D00273D61 /* Info.plist */ = {isa = PBXFileReference; lastKnownFileType = text.plist.xml; path = Info.plist; sourceTree = "<group>"; };
		C9B330DE1DBFAE3C00273D61 /* Card.swift */ = {isa = PBXFileReference; fileEncoding = 4; lastKnownFileType = sourcecode.swift; name = Card.swift; path = Model/Card.swift; sourceTree = "<group>"; };
		C9B330E01DBFAE7100273D61 /* PlayingCard.swift */ = {isa = PBXFileReference; fileEncoding = 4; lastKnownFileType = sourcecode.swift; name = PlayingCard.swift; path = Model/PlayingCard.swift; sourceTree = "<group>"; };
		C9DAC7C01DC789AF0080CCF6 /* PlayingCardDeck.swift */ = {isa = PBXFileReference; fileEncoding = 4; lastKnownFileType = sourcecode.swift; path = PlayingCardDeck.swift; sourceTree = "<group>"; };
		C9DAC7C21DC78AF20080CCF6 /* Deck.swift */ = {isa = PBXFileReference; fileEncoding = 4; lastKnownFileType = sourcecode.swift; path = Deck.swift; sourceTree = "<group>"; };
/* End PBXFileReference section */

/* Begin PBXFrameworksBuildPhase section */
		C9B330C61DBFAD5D00273D61 /* Frameworks */ = {
			isa = PBXFrameworksBuildPhase;
			buildActionMask = 2147483647;
			files = (
			);
			runOnlyForDeploymentPostprocessing = 0;
		};
/* End PBXFrameworksBuildPhase section */

/* Begin PBXGroup section */
		C99D59571DC2520800485F54 /* View */ = {
			isa = PBXGroup;
			children = (
				C9B330D01DBFAD5D00273D61 /* Main.storyboard */,
				C9B330D31DBFAD5D00273D61 /* Assets.xcassets */,
				C9B330D51DBFAD5D00273D61 /* LaunchScreen.storyboard */,
			);
			name = View;
			sourceTree = "<group>";
		};
		C9B330C01DBFAD5D00273D61 = {
			isa = PBXGroup;
			children = (
				C9B330CB1DBFAD5D00273D61 /* CardGame */,
				C9B330CA1DBFAD5D00273D61 /* Products */,
			);
			sourceTree = "<group>";
		};
		C9B330CA1DBFAD5D00273D61 /* Products */ = {
			isa = PBXGroup;
			children = (
				C9B330C91DBFAD5D00273D61 /* CardGame.app */,
			);
			name = Products;
			sourceTree = "<group>";
		};
		C9B330CB1DBFAD5D00273D61 /* CardGame */ = {
			isa = PBXGroup;
			children = (
				C9B330CC1DBFAD5D00273D61 /* AppDelegate.swift */,
				C99D59571DC2520800485F54 /* View */,
				C9B330D81DBFAD5D00273D61 /* Info.plist */,
				C9B330E21DBFAEC600273D61 /* Model */,
				C99D59551DC2515F00485F54 /* CardGameController.swift */,
			);
			path = CardGame;
			sourceTree = "<group>";
		};
		C9B330E21DBFAEC600273D61 /* Model */ = {
			isa = PBXGroup;
			children = (
				C9B330DE1DBFAE3C00273D61 /* Card.swift */,
				C9B330E01DBFAE7100273D61 /* PlayingCard.swift */,
				C9DAC7C01DC789AF0080CCF6 /* PlayingCardDeck.swift */,
				C9DAC7C21DC78AF20080CCF6 /* Deck.swift */,
			);
			name = Model;
			sourceTree = "<group>";
		};
/* End PBXGroup section */

/* Begin PBXNativeTarget section */
		C9B330C81DBFAD5D00273D61 /* CardGame */ = {
			isa = PBXNativeTarget;
			buildConfigurationList = C9B330DB1DBFAD5D00273D61 /* Build configuration list for PBXNativeTarget "CardGame" */;
			buildPhases = (
				C9B330C51DBFAD5D00273D61 /* Sources */,
				C9B330C61DBFAD5D00273D61 /* Frameworks */,
				C9B330C71DBFAD5D00273D61 /* Resources */,
			);
			buildRules = (
			);
			dependencies = (
			);
			name = CardGame;
			productName = CardGame;
			productReference = C9B330C91DBFAD5D00273D61 /* CardGame.app */;
			productType = "com.apple.product-type.application";
		};
/* End PBXNativeTarget section */

/* Begin PBXProject section */
		C9B330C11DBFAD5D00273D61 /* Project object */ = {
			isa = PBXProject;
			attributes = {
				LastSwiftUpdateCheck = 0720;
				LastUpgradeCheck = 0720;
				ORGANIZATIONNAME = "Moffat, Braeden";
				TargetAttributes = {
					C9B330C81DBFAD5D00273D61 = {
						CreatedOnToolsVersion = 7.2;
					};
				};
			};
			buildConfigurationList = C9B330C41DBFAD5D00273D61 /* Build configuration list for PBXProject "CardGame" */;
			compatibilityVersion = "Xcode 3.2";
			developmentRegion = English;
			hasScannedForEncodings = 0;
			knownRegions = (
				en,
				Base,
			);
			mainGroup = C9B330C01DBFAD5D00273D61;
			productRefGroup = C9B330CA1DBFAD5D00273D61 /* Products */;
			projectDirPath = "";
			projectRoot = "";
			targets = (
				C9B330C81DBFAD5D00273D61 /* CardGame */,
			);
		};
/* End PBXProject section */

/* Begin PBXResourcesBuildPhase section */
		C9B330C71DBFAD5D00273D61 /* Resources */ = {
			isa = PBXResourcesBuildPhase;
			buildActionMask = 2147483647;
			files = (
				C9B330D71DBFAD5D00273D61 /* LaunchScreen.storyboard in Resources */,
				C9B330D41DBFAD5D00273D61 /* Assets.xcassets in Resources */,
				C9B330D21DBFAD5D00273D61 /* Main.storyboard in Resources */,
			);
			runOnlyForDeploymentPostprocessing = 0;
		};
/* End PBXResourcesBuildPhase section */

/* Begin PBXSourcesBuildPhase section */
		C9B330C51DBFAD5D00273D61 /* Sources */ = {
			isa = PBXSourcesBuildPhase;
			buildActionMask = 2147483647;
			files = (
				C9DAC7C31DC78AF20080CCF6 /* Deck.swift in Sources */,
				C99D59561DC2515F00485F54 /* CardGameController.swift in Sources */,
				C9B330DF1DBFAE3C00273D61 /* Card.swift in Sources */,
				C9DAC7C11DC789AF0080CCF6 /* PlayingCardDeck.swift in Sources */,
				C9B330E11DBFAE7100273D61 /* PlayingCard.swift in Sources */,
				C9B330CD1DBFAD5D00273D61 /* AppDelegate.swift in Sources */,
			);
			runOnlyForDeploymentPostprocessing = 0;
		};
/* End PBXSourcesBuildPhase section */

/* Begin PBXVariantGroup section */
		C9B330D01DBFAD5D00273D61 /* Main.storyboard */ = {
			isa = PBXVariantGroup;
			children = (
				C9B330D11DBFAD5D00273D61 /* Base */,
			);
			name = Main.storyboard;
			sourceTree = "<group>";
		};
		C9B330D51DBFAD5D00273D61 /* LaunchScreen.storyboard */ = {
			isa = PBXVariantGroup;
			children = (
				C9B330D61DBFAD5D00273D61 /* Base */,
			);
			name = LaunchScreen.storyboard;
			sourceTree = "<group>";
		};
/* End PBXVariantGroup section */

/* Begin XCBuildConfiguration section */
		C9B330D91DBFAD5D00273D61 /* Debug */ = {
			isa = XCBuildConfiguration;
			buildSettings = {
				ALWAYS_SEARCH_USER_PATHS = NO;
				CLANG_CXX_LANGUAGE_STANDARD = "gnu++0x";
				CLANG_CXX_LIBRARY = "libc++";
				CLANG_ENABLE_MODULES = YES;
				CLANG_ENABLE_OBJC_ARC = YES;
				CLANG_WARN_BOOL_CONVERSION = YES;
				CLANG_WARN_CONSTANT_CONVERSION = YES;
				CLANG_WARN_DIRECT_OBJC_ISA_USAGE = YES_ERROR;
				CLANG_WARN_EMPTY_BODY = YES;
				CLANG_WARN_ENUM_CONVERSION = YES;
				CLANG_WARN_INT_CONVERSION = YES;
				CLANG_WARN_OBJC_ROOT_CLASS = YES_ERROR;
				CLANG_WARN_UNREACHABLE_CODE = YES;
				CLANG_WARN__DUPLICATE_METHOD_MATCH = YES;
				"CODE_SIGN_IDENTITY[sdk=iphoneos*]" = "iPhone Developer";
				COPY_PHASE_STRIP = NO;
				DEBUG_INFORMATION_FORMAT = dwarf;
				ENABLE_STRICT_OBJC_MSGSEND = YES;
				ENABLE_TESTABILITY = YES;
				GCC_C_LANGUAGE_STANDARD = gnu99;
				GCC_DYNAMIC_NO_PIC = NO;
				GCC_NO_COMMON_BLOCKS = YES;
				GCC_OPTIMIZATION_LEVEL = 0;
				GCC_PREPROCESSOR_DEFINITIONS = (
					"DEBUG=1",
					"$(inherited)",
				);
				GCC_WARN_64_TO_32_BIT_CONVERSION = YES;
				GCC_WARN_ABOUT_RETURN_TYPE = YES_ERROR;
				GCC_WARN_UNDECLARED_SELECTOR = YES;
				GCC_WARN_UNINITIALIZED_AUTOS = YES_AGGRESSIVE;
				GCC_WARN_UNUSED_FUNCTION = YES;
				GCC_WARN_UNUSED_VARIABLE = YES;
				IPHONEOS_DEPLOYMENT_TARGET = 9.2;
				MTL_ENABLE_DEBUG_INFO = YES;
				ONLY_ACTIVE_ARCH = YES;
				SDKROOT = iphoneos;
				SWIFT_OPTIMIZATION_LEVEL = "-Onone";
				TARGETED_DEVICE_FAMILY = "1,2";
			};
			name = Debug;
		};
		C9B330DA1DBFAD5D00273D61 /* Release */ = {
			isa = XCBuildConfiguration;
			buildSettings = {
				ALWAYS_SEARCH_USER_PATHS = NO;
				CLANG_CXX_LANGUAGE_STANDARD = "gnu++0x";
				CLANG_CXX_LIBRARY = "libc++";
				CLANG_ENABLE_MODULES = YES;
				CLANG_ENABLE_OBJC_ARC = YES;
				CLANG_WARN_BOOL_CONVERSION = YES;
				CLANG_WARN_CONSTANT_CONVERSION = YES;
				CLANG_WARN_DIRECT_OBJC_ISA_USAGE = YES_ERROR;
				CLANG_WARN_EMPTY_BODY = YES;
				CLANG_WARN_ENUM_CONVERSION = YES;
				CLANG_WARN_INT_CONVERSION = YES;
				CLANG_WARN_OBJC_ROOT_CLASS = YES_ERROR;
				CLANG_WARN_UNREACHABLE_CODE = YES;
				CLANG_WARN__DUPLICATE_METHOD_MATCH = YES;
				"CODE_SIGN_IDENTITY[sdk=iphoneos*]" = "iPhone Developer";
				COPY_PHASE_STRIP = NO;
				DEBUG_INFORMATION_FORMAT = "dwarf-with-dsym";
				ENABLE_NS_ASSERTIONS = NO;
				ENABLE_STRICT_OBJC_MSGSEND = YES;
				GCC_C_LANGUAGE_STANDARD = gnu99;
				GCC_NO_COMMON_BLOCKS = YES;
				GCC_WARN_64_TO_32_BIT_CONVERSION = YES;
				GCC_WARN_ABOUT_RETURN_TYPE = YES_ERROR;
				GCC_WARN_UNDECLARED_SELECTOR = YES;
				GCC_WARN_UNINITIALIZED_AUTOS = YES_AGGRESSIVE;
				GCC_WARN_UNUSED_FUNCTION = YES;
				GCC_WARN_UNUSED_VARIABLE = YES;
				IPHONEOS_DEPLOYMENT_TARGET = 9.2;
				MTL_ENABLE_DEBUG_INFO = NO;
				SDKROOT = iphoneos;
				TARGETED_DEVICE_FAMILY = "1,2";
				VALIDATE_PRODUCT = YES;
			};
			name = Release;
		};
		C9B330DC1DBFAD5D00273D61 /* Debug */ = {
			isa = XCBuildConfiguration;
			buildSettings = {
				ASSETCATALOG_COMPILER_APPICON_NAME = AppIcon;
				INFOPLIST_FILE = CardGame/Info.plist;
				LD_RUNPATH_SEARCH_PATHS = "$(inherited) @executable_path/Frameworks";
				PRODUCT_BUNDLE_IDENTIFIER = swiftproject.CardGame;
				PRODUCT_NAME = "$(TARGET_NAME)";
			};
			name = Debug;
		};
		C9B330DD1DBFAD5D00273D61 /* Release */ = {
			isa = XCBuildConfiguration;
			buildSettings = {
				ASSETCATALOG_COMPILER_APPICON_NAME = AppIcon;
				INFOPLIST_FILE = CardGame/Info.plist;
				LD_RUNPATH_SEARCH_PATHS = "$(inherited) @executable_path/Frameworks";
				PRODUCT_BUNDLE_IDENTIFIER = swiftproject.CardGame;
				PRODUCT_NAME = "$(TARGET_NAME)";
			};
			name = Release;
		};
/* End XCBuildConfiguration section */

/* Begin XCConfigurationList section */
		C9B330C41DBFAD5D00273D61 /* Build configuration list for PBXProject "CardGame" */ = {
			isa = XCConfigurationList;
			buildConfigurations = (
				C9B330D91DBFAD5D00273D61 /* Debug */,
				C9B330DA1DBFAD5D00273D61 /* Release */,
			);
			defaultConfigurationIsVisible = 0;
			defaultConfigurationName = Release;
		};
		C9B330DB1DBFAD5D00273D61 /* Build configuration list for PBXNativeTarget "CardGame" */ = {
			isa = XCConfigurationList;
			buildConfigurations = (
				C9B330DC1DBFAD5D00273D61 /* Debug */,
				C9B330DD1DBFAD5D00273D61 /* Release */,
			);
			defaultConfigurationIsVisible = 0;
			defaultConfigurationName = Release;
		};
/* End XCConfigurationList section */
	};
	rootObject = C9B330C11DBFAD5D00273D61 /* Project object */;
}
